
Microsoft Visual Studio Solution File, Format Version 12.00
# Visual Studio 15
VisualStudioVersion = 15.0.28307.271
MinimumVisualStudioVersion = 10.0.40219.1
Project("{8BC9CEB8-8B4A-11D0-8D11-00A0C91BC942}") = "Utils", "projects\utils\build\utils.vcxproj", "{D43B56CF-532B-48FD-9D9C-B4966EBD3241}"
EndProject
Project("{8BC9CEB8-8B4A-11D0-8D11-00A0C91BC942}") = "Algorithms", "projects\Algorithms\build\Algorithms.vcxproj", "{57711A04-FD85-4C46-90DC-F476DC6F8D68}"
EndProject
Project("{8BC9CEB8-8B4A-11D0-8D11-00A0C91BC942}") = "SimpleWnd", "projects\SimpleWnd\build\SimpleWnd.vcxproj", "{2374E0B2-7CE4-46A7-8F6A-EE766496E1A6}"
EndProject
Project("{8BC9CEB8-8B4A-11D0-8D11-00A0C91BC942}") = "CommonNet", "projects\CommonNet\build\CommonNet.vcxproj", "{3F7C74E6-F170-4053-9024-9019DFE53704}"
EndProject
Global
	GlobalSection(SolutionConfigurationPlatforms) = preSolution
		Debug|x64 = Debug|x64
		Debug|x86 = Debug|x86
		Release|x64 = Release|x64
		Release|x86 = Release|x86
	EndGlobalSection
	GlobalSection(ProjectConfigurationPlatforms) = postSolution
		{D43B56CF-532B-48FD-9D9C-B4966EBD3241}.Debug|x64.ActiveCfg = Debug|x64
		{D43B56CF-532B-48FD-9D9C-B4966EBD3241}.Debug|x64.Build.0 = Debug|x64
		{D43B56CF-532B-48FD-9D9C-B4966EBD3241}.Debug|x86.ActiveCfg = Debug|Win32
		{D43B56CF-532B-48FD-9D9C-B4966EBD3241}.Debug|x86.Build.0 = Debug|Win32
		{D43B56CF-532B-48FD-9D9C-B4966EBD3241}.Release|x64.ActiveCfg = Release|x64
		{D43B56CF-532B-48FD-9D9C-B4966EBD3241}.Release|x64.Build.0 = Release|x64
		{D43B56CF-532B-48FD-9D9C-B4966EBD3241}.Release|x86.ActiveCfg = Release|Win32
		{D43B56CF-532B-48FD-9D9C-B4966EBD3241}.Release|x86.Build.0 = Release|Win32
		{57711A04-FD85-4C46-90DC-F476DC6F8D68}.Debug|x64.ActiveCfg = Debug|x64
		{57711A04-FD85-4C46-90DC-F476DC6F8D68}.Debug|x64.Build.0 = Debug|x64
		{57711A04-FD85-4C46-90DC-F476DC6F8D68}.Debug|x86.ActiveCfg = Debug|Win32
		{57711A04-FD85-4C46-90DC-F476DC6F8D68}.Debug|x86.Build.0 = Debug|Win32
		{57711A04-FD85-4C46-90DC-F476DC6F8D68}.Release|x64.ActiveCfg = Release|x64
		{57711A04-FD85-4C46-90DC-F476DC6F8D68}.Release|x64.Build.0 = Release|x64
		{57711A04-FD85-4C46-90DC-F476DC6F8D68}.Release|x86.ActiveCfg = Release|Win32
		{57711A04-FD85-4C46-90DC-F476DC6F8D68}.Release|x86.Build.0 = Release|Win32
		{2374E0B2-7CE4-46A7-8F6A-EE766496E1A6}.Debug|x64.ActiveCfg = Debug|x64
		{2374E0B2-7CE4-46A7-8F6A-EE766496E1A6}.Debug|x64.Build.0 = Debug|x64
		{2374E0B2-7CE4-46A7-8F6A-EE766496E1A6}.Debug|x86.ActiveCfg = Debug|Win32
		{2374E0B2-7CE4-46A7-8F6A-EE766496E1A6}.Debug|x86.Build.0 = Debug|Win32
		{2374E0B2-7CE4-46A7-8F6A-EE766496E1A6}.Release|x64.ActiveCfg = Release|x64
		{2374E0B2-7CE4-46A7-8F6A-EE766496E1A6}.Release|x64.Build.0 = Release|x64
		{2374E0B2-7CE4-46A7-8F6A-EE766496E1A6}.Release|x86.ActiveCfg = Release|Win32
		{2374E0B2-7CE4-46A7-8F6A-EE766496E1A6}.Release|x86.Build.0 = Release|Win32
		{3F7C74E6-F170-4053-9024-9019DFE53704}.Debug|x64.ActiveCfg = Debug|x64
		{3F7C74E6-F170-4053-9024-9019DFE53704}.Debug|x64.Build.0 = Debug|x64
		{3F7C74E6-F170-4053-9024-9019DFE53704}.Debug|x86.ActiveCfg = Debug|Win32
		{3F7C74E6-F170-4053-9024-9019DFE53704}.Debug|x86.Build.0 = Debug|Win32
		{3F7C74E6-F170-4053-9024-9019DFE53704}.Release|x64.ActiveCfg = Release|x64
		{3F7C74E6-F170-4053-9024-9019DFE53704}.Release|x64.Build.0 = Release|x64
		{3F7C74E6-F170-4053-9024-9019DFE53704}.Release|x86.ActiveCfg = Release|Win32
		{3F7C74E6-F170-4053-9024-9019DFE53704}.Release|x86.Build.0 = Release|Win32
	EndGlobalSection
	GlobalSection(SolutionProperties) = preSolution
		HideSolutionNode = FALSE
	EndGlobalSection
	GlobalSection(ExtensibilityGlobals) = postSolution
		SolutionGuid = {860A8D27-3F63-4A5E-81F8-E74C9093DBC8}
	EndGlobalSection
EndGlobal
